
Microsoft Visual Studio Solution File, Format Version 12.00
# Visual Studio 14
VisualStudioVersion = 14.0.24720.0
MinimumVisualStudioVersion = 10.0.40219.1
Project("{FAE04EC0-301F-11D3-BF4B-00C04F79EFBC}") = "GoldAppleV2", "GoldAppleV2\GoldAppleV2.csproj", "{340C5F40-BA09-4F7B-AB45-A9F2641F43DA}"
EndProject
Project("{FAE04EC0-301F-11D3-BF4B-00C04F79EFBC}") = "GoldApple.UI", "GoldApple.UI\GoldApple.UI.csproj", "{DA9F2468-50B5-499C-A744-5C4D8E324B42}"
EndProject
Project("{FAE04EC0-301F-11D3-BF4B-00C04F79EFBC}") = "UnitTestProject1", "UnitTestProject1\UnitTestProject1.csproj", "{0CF74FF5-CA0C-4A6F-A806-8AC585BF1CE0}"
EndProject
Global
	GlobalSection(SolutionConfigurationPlatforms) = preSolution
		Debug|Any CPU = Debug|Any CPU
		Release|Any CPU = Release|Any CPU
	EndGlobalSection
	GlobalSection(ProjectConfigurationPlatforms) = postSolution
		{340C5F40-BA09-4F7B-AB45-A9F2641F43DA}.Debug|Any CPU.ActiveCfg = Debug|Any CPU
		{340C5F40-BA09-4F7B-AB45-A9F2641F43DA}.Debug|Any CPU.Build.0 = Debug|Any CPU
		{340C5F40-BA09-4F7B-AB45-A9F2641F43DA}.Release|Any CPU.ActiveCfg = Release|Any CPU
		{340C5F40-BA09-4F7B-AB45-A9F2641F43DA}.Release|Any CPU.Build.0 = Release|Any CPU
		{DA9F2468-50B5-499C-A744-5C4D8E324B42}.Debug|Any CPU.ActiveCfg = Debug|Any CPU
		{DA9F2468-50B5-499C-A744-5C4D8E324B42}.Debug|Any CPU.Build.0 = Debug|Any CPU
		{DA9F2468-50B5-499C-A744-5C4D8E324B42}.Release|Any CPU.ActiveCfg = Release|Any CPU
		{DA9F2468-50B5-499C-A744-5C4D8E324B42}.Release|Any CPU.Build.0 = Release|Any CPU
		{0CF74FF5-CA0C-4A6F-A806-8AC585BF1CE0}.Debug|Any CPU.ActiveCfg = Debug|Any CPU
		{0CF74FF5-CA0C-4A6F-A806-8AC585BF1CE0}.Debug|Any CPU.Build.0 = Debug|Any CPU
		{0CF74FF5-CA0C-4A6F-A806-8AC585BF1CE0}.Release|Any CPU.ActiveCfg = Release|Any CPU
		{0CF74FF5-CA0C-4A6F-A806-8AC585BF1CE0}.Release|Any CPU.Build.0 = Release|Any CPU
	EndGlobalSection
	GlobalSection(SolutionProperties) = preSolution
		HideSolutionNode = FALSE
	EndGlobalSection
EndGlobal
